<?xml version="1.0" encoding="utf-8"?>
<Project ToolsVersion="4.0" xmlns="http://schemas.microsoft.com/developer/msbuild/2003">
  <ItemGroup>
    <Filter Include="Logger">
      <UniqueIdentifier>{bcaf6f66-fc86-41cc-80f8-faf194af6124}</UniqueIdentifier>
    </Filter>
    <Filter Include="Math">
      <UniqueIdentifier>{c5d208a2-7c89-4bcd-a215-7417dfe072f7}</UniqueIdentifier>
    </Filter>
    <Filter Include="Algorithm">
      <UniqueIdentifier>{c6812fe2-294d-4eef-b080-8f8e4801a6d4}</UniqueIdentifier>
    </Filter>
    <Filter Include="String">
      <UniqueIdentifier>{93995380-89BD-4b04-88EB-625FBE52EBFB}</UniqueIdentifier>
      <Extensions>h;hh;hpp;hxx;hm;inl;inc;xsd</Extensions>
    </Filter>
    <Filter Include="Algorithm\Array">
      <UniqueIdentifier>{e7b2a907-2ba3-4640-9a96-a28472b0a5cc}</UniqueIdentifier>
    </Filter>
    <Filter Include="Chrono">
      <UniqueIdentifier>{9e260881-88e8-4a94-9a12-d651acd8f114}</UniqueIdentifier>
    </Filter>
    <Filter Include="Math\StringMatrix">
      <UniqueIdentifier>{2448e321-3fc7-4887-a327-aedc1542e4ad}</UniqueIdentifier>
    </Filter>
    <Filter Include="Algorithm\Queue">
      <UniqueIdentifier>{64226e3f-4fba-4573-9196-d140b94c83f1}</UniqueIdentifier>
    </Filter>
    <Filter Include="Pattern">
      <UniqueIdentifier>{5ab7c259-1f11-4a3f-8fcf-2d66534c5343}</UniqueIdentifier>
    </Filter>
  </ItemGroup>
  <ItemGroup>
    <ClCompile Include="String\StringTestCase.h">
      <Filter>String</Filter>
    </ClCompile>
    <ClCompile Include="TestCase.cpp" />
    <ClCompile Include="Logger\logger.cpp">
      <Filter>Logger</Filter>
    </ClCompile>
  </ItemGroup>
  <ItemGroup>
    <ClInclude Include="TestCase.h" />
    <ClInclude Include="Algorithm\Array\Array.h">
      <Filter>Algorithm\Array</Filter>
    </ClInclude>
    <ClInclude Include="Math\Statistics.hpp">
      <Filter>Math</Filter>
    </ClInclude>
    <ClInclude Include="Chrono\PPTime.h">
      <Filter>Chrono</Filter>
    </ClInclude>
    <ClInclude Include="Foundation.h" />
    <ClInclude Include="String\PPCString.h">
      <Filter>String</Filter>
    </ClInclude>
    <ClInclude Include="Logger\logger.hpp">
      <Filter>Logger</Filter>
    </ClInclude>
    <ClInclude Include="Math\StringMatrix\TextTable.h">
      <Filter>Math\StringMatrix</Filter>
    </ClInclude>
    <ClInclude Include="Math\StringMatrix\StringMatrix.h">
      <Filter>Math\StringMatrix</Filter>
    </ClInclude>
    <ClInclude Include="Algorithm\Queue\CircularQueue.h">
      <Filter>Algorithm\Queue</Filter>
    </ClInclude>
    <ClInclude Include="Pattern\Singleton.h">
      <Filter>Pattern</Filter>
    </ClInclude>
  </ItemGroup>
</Project>